<?xml version="1.0" encoding="utf-8"?>
<Project ToolsVersion="4.0" xmlns="http://schemas.microsoft.com/developer/msbuild/2003">
  <ItemGroup>
    <Filter Include="app">
      <UniqueIdentifier>{6a6c24bd-7110-4436-97af-07990da17abf}</UniqueIdentifier>
    </Filter>
    <Filter Include="app\RtAudioMidi">
      <UniqueIdentifier>{ef87c677-1479-44bc-aef8-7ba960ef233d}</UniqueIdentifier>
    </Filter>
    <Filter Include="app\ASIO_SDK">
      <UniqueIdentifier>{b91b9db4-5584-4959-a395-7394ba3cf5a3}</UniqueIdentifier>
    </Filter>
    <Filter Include="JsonBox">
      <UniqueIdentifier>{b0e7458e-d838-4708-8cc8-7fdf24d02c7a}</UniqueIdentifier>
    </Filter>
    <Filter Include="JsonBox\JsonBox">
      <UniqueIdentifier>{d6fb0d27-3c37-467d-a05f-00ccef031833}</UniqueIdentifier>
    </Filter>
    <Filter Include="GrandOrgue">
      <UniqueIdentifier>{3d0f1948-3b9a-4c61-8b6b-30ab361963ae}</UniqueIdentifier>
    </Filter>
    <Filter Include="Signal">
      <UniqueIdentifier>{4b366058-9f5e-440e-afe0-6012a03ccce0}</UniqueIdentifier>
    </Filter>
    <Filter Include="Sound">
      <UniqueIdentifier>{f2aee418-c827-44a5-b2ab-1048bc44015e}</UniqueIdentifier>
    </Filter>
  </ItemGroup>
  <ItemGroup>
    <ClInclude Include="..\..\WDL\rtaudiomidi\RtAudio.h">
      <Filter>app\RtAudioMidi</Filter>
    </ClInclude>
    <ClInclude Include="..\..\WDL\rtaudiomidi\RtError.h">
      <Filter>app\RtAudioMidi</Filter>
    </ClInclude>
    <ClInclude Include="..\..\WDL\rtaudiomidi\RtMidi.h">
      <Filter>app\RtAudioMidi</Filter>
    </ClInclude>
    <ClInclude Include="..\..\ASIO_SDK\asiosys.h">
      <Filter>app\ASIO_SDK</Filter>
    </ClInclude>
    <ClInclude Include="..\..\ASIO_SDK\ginclude.h">
      <Filter>app\ASIO_SDK</Filter>
    </ClInclude>
    <ClInclude Include="..\..\ASIO_SDK\iasiodrv.h">
      <Filter>app\ASIO_SDK</Filter>
    </ClInclude>
    <ClInclude Include="..\..\ASIO_SDK\asio.h">
      <Filter>app\ASIO_SDK</Filter>
    </ClInclude>
    <ClInclude Include="..\..\ASIO_SDK\asiodrivers.h">
      <Filter>app\ASIO_SDK</Filter>
    </ClInclude>
    <ClInclude Include="..\..\ASIO_SDK\asiolist.h">
      <Filter>app\ASIO_SDK</Filter>
    </ClInclude>
    <ClInclude Include="app_wrapper\app_main.h">
      <Filter>app</Filter>
    </ClInclude>
    <ClInclude Include="resource.h" />
    <ClInclude Include="MySampler.h" />
    <ClInclude Include="..\..\WDL\IPlug\IPlugStandalone.h">
      <Filter>app</Filter>
    </ClInclude>
    <ClInclude Include="app_wrapper\app_resource.h" />
    <ClInclude Include="Oscillator.h" />
    <ClInclude Include="MIDIReceiver.h" />
    <ClInclude Include="EnvelopeGenerator.h" />
    <ClInclude Include="utility.h" />
    <ClInclude Include="Voice.h" />
    <ClInclude Include="VoiceManager.h" />
    <ClInclude Include="InstrumentInfo.h" />
    <ClInclude Include="JsonBox\JsonBox.h">
      <Filter>JsonBox</Filter>
    </ClInclude>
    <ClInclude Include="JsonBox\JsonBox\Convert.h">
      <Filter>JsonBox\JsonBox</Filter>
    </ClInclude>
    <ClInclude Include="JsonBox\JsonBox\Escaper.h">
      <Filter>JsonBox\JsonBox</Filter>
    </ClInclude>
    <ClInclude Include="JsonBox\JsonBox\Grammar.h">
      <Filter>JsonBox\JsonBox</Filter>
    </ClInclude>
    <ClInclude Include="JsonBox\JsonBox\IndentCanceller.h">
      <Filter>JsonBox\JsonBox</Filter>
    </ClInclude>
    <ClInclude Include="JsonBox\JsonBox\Indenter.h">
      <Filter>JsonBox\JsonBox</Filter>
    </ClInclude>
    <ClInclude Include="JsonBox\JsonBox\Object.h">
      <Filter>JsonBox\JsonBox</Filter>
    </ClInclude>
    <ClInclude Include="JsonBox\JsonBox\OutputFilter.h">
      <Filter>JsonBox\JsonBox</Filter>
    </ClInclude>
    <ClInclude Include="JsonBox\JsonBox\SolidusEscaper.h">
      <Filter>JsonBox\JsonBox</Filter>
    </ClInclude>
    <ClInclude Include="JsonBox\JsonBox\Value.h">
      <Filter>JsonBox\JsonBox</Filter>
    </ClInclude>
    <ClInclude Include="JsonBox\JsonBox\Array.h">
      <Filter>JsonBox\JsonBox</Filter>
    </ClInclude>
    <ClInclude Include="GrandOrgue\OrganInfo.h">
      <Filter>GrandOrgue</Filter>
    </ClInclude>
    <ClInclude Include="Signal\GallantSignal.h">
      <Filter>Signal</Filter>
    </ClInclude>
    <ClInclude Include="Signal\GallantDelegate.h">
      <Filter>Signal</Filter>
    </ClInclude>
    <ClInclude Include="Instrument.h" />
    <ClInclude Include="Sound\SoundBuffer.h">
      <Filter>Sound</Filter>
    </ClInclude>
    <ClInclude Include="Sound\SoundMetadata.h">
      <Filter>Sound</Filter>
    </ClInclude>
    <ClInclude Include="Sound\WaveFile.h">
      <Filter>Sound</Filter>
    </ClInclude>
  </ItemGroup>
  <ItemGroup>
    <ClCompile Include="..\..\WDL\rtaudiomidi\RtAudio.cpp">
      <Filter>app\RtAudioMidi</Filter>
    </ClCompile>
    <ClCompile Include="..\..\WDL\rtaudiomidi\RtMidi.cpp">
      <Filter>app\RtAudioMidi</Filter>
    </ClCompile>
    <ClCompile Include="..\..\ASIO_SDK\asio.cpp">
      <Filter>app\ASIO_SDK</Filter>
    </ClCompile>
    <ClCompile Include="..\..\ASIO_SDK\asiodrivers.cpp">
      <Filter>app\ASIO_SDK</Filter>
    </ClCompile>
    <ClCompile Include="..\..\ASIO_SDK\asiolist.cpp">
      <Filter>app\ASIO_SDK</Filter>
    </ClCompile>
    <ClCompile Include="app_wrapper\app_dialog.cpp">
      <Filter>app</Filter>
    </ClCompile>
    <ClCompile Include="app_wrapper\app_main.cpp">
      <Filter>app</Filter>
    </ClCompile>
    <ClCompile Include="MySampler.cpp" />
    <ClCompile Include="..\..\WDL\IPlug\IPlugStandalone.cpp">
      <Filter>app</Filter>
    </ClCompile>
    <ClCompile Include="Oscillator.cpp" />
    <ClCompile Include="MIDIReceiver.cpp" />
    <ClCompile Include="EnvelopeGenerator.cpp" />
    <ClCompile Include="Voice.cpp" />
    <ClCompile Include="VoiceManager.cpp" />
    <ClCompile Include="InstrumentInfo.cpp" />
    <ClCompile Include="JsonBox\JsonBox\Escaper.cpp">
      <Filter>JsonBox\JsonBox</Filter>
    </ClCompile>
    <ClCompile Include="JsonBox\JsonBox\IndentCanceller.cpp">
      <Filter>JsonBox\JsonBox</Filter>
    </ClCompile>
    <ClCompile Include="JsonBox\JsonBox\Indenter.cpp">
      <Filter>JsonBox\JsonBox</Filter>
    </ClCompile>
    <ClCompile Include="JsonBox\JsonBox\Object.cpp">
      <Filter>JsonBox\JsonBox</Filter>
    </ClCompile>
    <ClCompile Include="JsonBox\JsonBox\SolidusEscaper.cpp">
      <Filter>JsonBox\JsonBox</Filter>
    </ClCompile>
    <ClCompile Include="JsonBox\JsonBox\Value.cpp">
      <Filter>JsonBox\JsonBox</Filter>
    </ClCompile>
    <ClCompile Include="JsonBox\JsonBox\Array.cpp">
      <Filter>JsonBox\JsonBox</Filter>
    </ClCompile>
    <ClCompile Include="JsonBox\JsonBox\Convert.cpp">
      <Filter>JsonBox\JsonBox</Filter>
    </ClCompile>
    <ClCompile Include="GrandOrgue\OrganInfo.cpp">
      <Filter>GrandOrgue</Filter>
    </ClCompile>
    <ClCompile Include="Instrument.cpp" />
    <ClCompile Include="Sound\SoundBuffer.cpp">
      <Filter>Sound</Filter>
    </ClCompile>
    <ClCompile Include="Sound\WaveFile.cpp">
      <Filter>Sound</Filter>
    </ClCompile>
  </ItemGroup>
  <ItemGroup>
    <ResourceCompile Include="MySampler.rc" />
  </ItemGroup>
</Project>